
Microsoft Visual Studio Solution File, Format Version 12.00
# Visual Studio Version 17
VisualStudioVersion = 17.4.33205.214
MinimumVisualStudioVersion = 10.0.40219.1
Project("{9A19103F-16F7-4668-BE54-9A1E7A4F7556}") = "Kata01Teleprompter", "Kata01Teleprompter\Kata01Teleprompter.csproj", "{A676AD07-055C-44CD-8419-07F8BA1D69C1}"
EndProject
Project("{9A19103F-16F7-4668-BE54-9A1E7A4F7556}") = "Kata02Names", "Kata02Names\Kata02Names.csproj", "{FCD3282C-430A-4BC2-9E2F-7F5377744059}"
EndProject
Project("{9A19103F-16F7-4668-BE54-9A1E7A4F7556}") = "Kata03HelloWPFApp", "Kata03HelloWPFApp\Kata03HelloWPFApp.csproj", "{52FA4745-2095-47BF-A525-B27FECE4819C}"
EndProject
Project("{9A19103F-16F7-4668-BE54-9A1E7A4F7556}") = "Kata04GenerateConsumeAsyncStream", "Kata04GenerateConsumeAsyncStream\Kata04GenerateConsumeAsyncStream.csproj", "{D7CF7E61-A23D-4E6B-B50B-5DF59AE0F066}"
EndProject
Project("{9A19103F-16F7-4668-BE54-9A1E7A4F7556}") = "Kata05DelegatesLogger", "Kata05DelegatesLogger\Kata05DelegatesLogger.csproj", "{1E8C1499-FB00-465B-99BC-92DB1FBB8318}"
EndProject
Project("{9A19103F-16F7-4668-BE54-9A1E7A4F7556}") = "Kata06EventsFileSearcher", "Kata06EventsFileSearcher\Kata06EventsFileSearcher.csproj", "{03A9D31E-A826-4ACA-BDD8-6942673CB21E}"
EndProject
Project("{FAE04EC0-301F-11D3-BF4B-00C04F79EFBC}") = "Kata07EFGetStarted", "Kata07EFGetStarted\Kata07EFGetStarted.csproj", "{3E199A7E-DB34-417D-A371-E627075F79C7}"
EndProject
Global
	GlobalSection(SolutionConfigurationPlatforms) = preSolution
		Debug|Any CPU = Debug|Any CPU
		Release|Any CPU = Release|Any CPU
	EndGlobalSection
	GlobalSection(ProjectConfigurationPlatforms) = postSolution
		{A676AD07-055C-44CD-8419-07F8BA1D69C1}.Debug|Any CPU.ActiveCfg = Debug|Any CPU
		{A676AD07-055C-44CD-8419-07F8BA1D69C1}.Debug|Any CPU.Build.0 = Debug|Any CPU
		{A676AD07-055C-44CD-8419-07F8BA1D69C1}.Release|Any CPU.ActiveCfg = Release|Any CPU
		{A676AD07-055C-44CD-8419-07F8BA1D69C1}.Release|Any CPU.Build.0 = Release|Any CPU
		{FCD3282C-430A-4BC2-9E2F-7F5377744059}.Debug|Any CPU.ActiveCfg = Debug|Any CPU
		{FCD3282C-430A-4BC2-9E2F-7F5377744059}.Debug|Any CPU.Build.0 = Debug|Any CPU
		{FCD3282C-430A-4BC2-9E2F-7F5377744059}.Release|Any CPU.ActiveCfg = Release|Any CPU
		{FCD3282C-430A-4BC2-9E2F-7F5377744059}.Release|Any CPU.Build.0 = Release|Any CPU
		{52FA4745-2095-47BF-A525-B27FECE4819C}.Debug|Any CPU.ActiveCfg = Debug|Any CPU
		{52FA4745-2095-47BF-A525-B27FECE4819C}.Debug|Any CPU.Build.0 = Debug|Any CPU
		{52FA4745-2095-47BF-A525-B27FECE4819C}.Release|Any CPU.ActiveCfg = Release|Any CPU
		{52FA4745-2095-47BF-A525-B27FECE4819C}.Release|Any CPU.Build.0 = Release|Any CPU
		{D7CF7E61-A23D-4E6B-B50B-5DF59AE0F066}.Debug|Any CPU.ActiveCfg = Debug|Any CPU
		{D7CF7E61-A23D-4E6B-B50B-5DF59AE0F066}.Debug|Any CPU.Build.0 = Debug|Any CPU
		{D7CF7E61-A23D-4E6B-B50B-5DF59AE0F066}.Release|Any CPU.ActiveCfg = Release|Any CPU
		{D7CF7E61-A23D-4E6B-B50B-5DF59AE0F066}.Release|Any CPU.Build.0 = Release|Any CPU
		{1E8C1499-FB00-465B-99BC-92DB1FBB8318}.Debug|Any CPU.ActiveCfg = Debug|Any CPU
		{1E8C1499-FB00-465B-99BC-92DB1FBB8318}.Debug|Any CPU.Build.0 = Debug|Any CPU
		{1E8C1499-FB00-465B-99BC-92DB1FBB8318}.Release|Any CPU.ActiveCfg = Release|Any CPU
		{1E8C1499-FB00-465B-99BC-92DB1FBB8318}.Release|Any CPU.Build.0 = Release|Any CPU
		{03A9D31E-A826-4ACA-BDD8-6942673CB21E}.Debug|Any CPU.ActiveCfg = Debug|Any CPU
		{03A9D31E-A826-4ACA-BDD8-6942673CB21E}.Debug|Any CPU.Build.0 = Debug|Any CPU
		{03A9D31E-A826-4ACA-BDD8-6942673CB21E}.Release|Any CPU.ActiveCfg = Release|Any CPU
		{03A9D31E-A826-4ACA-BDD8-6942673CB21E}.Release|Any CPU.Build.0 = Release|Any CPU
		{3E199A7E-DB34-417D-A371-E627075F79C7}.Debug|Any CPU.ActiveCfg = Debug|Any CPU
		{3E199A7E-DB34-417D-A371-E627075F79C7}.Debug|Any CPU.Build.0 = Debug|Any CPU
		{3E199A7E-DB34-417D-A371-E627075F79C7}.Release|Any CPU.ActiveCfg = Release|Any CPU
		{3E199A7E-DB34-417D-A371-E627075F79C7}.Release|Any CPU.Build.0 = Release|Any CPU
	EndGlobalSection
	GlobalSection(SolutionProperties) = preSolution
		HideSolutionNode = FALSE
	EndGlobalSection
	GlobalSection(ExtensibilityGlobals) = postSolution
		SolutionGuid = {AC129F9E-0362-4F94-8EC9-99F9C2BF0224}
	EndGlobalSection
EndGlobal
